# This file is automatically @generated by Cargo.
# It is not intended for manual editing.
[[package]]
name = "advent"
version = "0.1.0"
dependencies = [
 "generations 2.0.0 (registry+https://github.com/rust-lang/crates.io-index)",
 "gridly 0.6.0 (registry+https://github.com/rust-lang/crates.io-index)",
 "gridly_grids 0.3.0 (registry+https://github.com/rust-lang/crates.io-index)",
 "jemallocator 0.3.2 (registry+https://github.com/rust-lang/crates.io-index)",
 "joinery 2.0.0 (registry+https://github.com/rust-lang/crates.io-index)",
 "lazy_format 1.7.4 (registry+https://github.com/rust-lang/crates.io-index)",
 "lazy_static 1.4.0 (registry+https://github.com/rust-lang/crates.io-index)",
 "regex 1.3.1 (registry+https://github.com/rust-lang/crates.io-index)",
]

[[package]]
name = "aho-corasick"
version = "0.7.6"
source = "registry+https://github.com/rust-lang/crates.io-index"
dependencies = [
 "memchr 2.2.1 (registry+https://github.com/rust-lang/crates.io-index)",
]

[[package]]
name = "cc"
version = "1.0.47"
source = "registry+https://github.com/rust-lang/crates.io-index"

[[package]]
name = "fs_extra"
version = "1.1.0"
source = "registry+https://github.com/rust-lang/crates.io-index"

[[package]]
name = "generations"
version = "2.0.0"
source = "registry+https://github.com/rust-lang/crates.io-index"

[[package]]
name = "gridly"
version = "0.6.0"
source = "registry+https://github.com/rust-lang/crates.io-index"

[[package]]
name = "gridly_grids"
version = "0.3.0"
source = "registry+https://github.com/rust-lang/crates.io-index"
dependencies = [
 "gridly 0.6.0 (registry+https://github.com/rust-lang/crates.io-index)",
]

[[package]]
name = "jemalloc-sys"
version = "0.3.2"
source = "registry+https://github.com/rust-lang/crates.io-index"
dependencies = [
 "cc 1.0.47 (registry+https://github.com/rust-lang/crates.io-index)",
 "fs_extra 1.1.0 (registry+https://github.com/rust-lang/crates.io-index)",
 "libc 0.2.66 (registry+https://github.com/rust-lang/crates.io-index)",
]

[[package]]
name = "jemallocator"
version = "0.3.2"
source = "registry+https://github.com/rust-lang/crates.io-index"
dependencies = [
 "jemalloc-sys 0.3.2 (registry+https://github.com/rust-lang/crates.io-index)",
 "libc 0.2.66 (registry+https://github.com/rust-lang/crates.io-index)",
]

[[package]]
name = "joinery"
version = "2.0.0"
source = "registry+https://github.com/rust-lang/crates.io-index"

[[package]]
name = "lazy_format"
version = "1.7.4"
source = "registry+https://github.com/rust-lang/crates.io-index"

[[package]]
name = "lazy_static"
version = "1.4.0"
source = "registry+https://github.com/rust-lang/crates.io-index"

[[package]]
name = "libc"
version = "0.2.66"
source = "registry+https://github.com/rust-lang/crates.io-index"

[[package]]
name = "memchr"
version = "2.2.1"
source = "registry+https://github.com/rust-lang/crates.io-index"

[[package]]
name = "regex"
version = "1.3.1"
source = "registry+https://github.com/rust-lang/crates.io-index"
dependencies = [
 "aho-corasick 0.7.6 (registry+https://github.com/rust-lang/crates.io-index)",
 "memchr 2.2.1 (registry+https://github.com/rust-lang/crates.io-index)",
 "regex-syntax 0.6.12 (registry+https://github.com/rust-lang/crates.io-index)",
 "thread_local 0.3.6 (registry+https://github.com/rust-lang/crates.io-index)",
]

[[package]]
name = "regex-syntax"
version = "0.6.12"
source = "registry+https://github.com/rust-lang/crates.io-index"

[[package]]
name = "thread_local"
version = "0.3.6"
source = "registry+https://github.com/rust-lang/crates.io-index"
dependencies = [
 "lazy_static 1.4.0 (registry+https://github.com/rust-lang/crates.io-index)",
]

[metadata]
"checksum aho-corasick 0.7.6 (registry+https://github.com/rust-lang/crates.io-index)" = "58fb5e95d83b38284460a5fda7d6470aa0b8844d283a0b614b8535e880800d2d"
"checksum cc 1.0.47 (registry+https://github.com/rust-lang/crates.io-index)" = "aa87058dce70a3ff5621797f1506cb837edd02ac4c0ae642b4542dce802908b8"
"checksum fs_extra 1.1.0 (registry+https://github.com/rust-lang/crates.io-index)" = "5f2a4a2034423744d2cc7ca2068453168dcdb82c438419e639a26bd87839c674"
"checksum generations 2.0.0 (registry+https://github.com/rust-lang/crates.io-index)" = "bb4a17be4b6bd02f4c16ab7620fea1ed17d803a92f34bd102d5335a2f9dd2002"
"checksum gridly 0.6.0 (registry+https://github.com/rust-lang/crates.io-index)" = "17294dfd600c8b8eecf0b6f75d8830cf34fcf9ed84074eac5ff6f22a428af762"
"checksum gridly_grids 0.3.0 (registry+https://github.com/rust-lang/crates.io-index)" = "0db79e23f3c9f283d0504d06ae1ecdbfc32dcff154ff9145f1fce379c92c7f6c"
"checksum jemalloc-sys 0.3.2 (registry+https://github.com/rust-lang/crates.io-index)" = "0d3b9f3f5c9b31aa0f5ed3260385ac205db665baa41d49bb8338008ae94ede45"
"checksum jemallocator 0.3.2 (registry+https://github.com/rust-lang/crates.io-index)" = "43ae63fcfc45e99ab3d1b29a46782ad679e98436c3169d15a167a1108a724b69"
"checksum joinery 2.0.0 (registry+https://github.com/rust-lang/crates.io-index)" = "85a5c968b1e8336a945da21fab473045df2d5f8c81535e762d52f6b2c49477b9"
"checksum lazy_format 1.7.4 (registry+https://github.com/rust-lang/crates.io-index)" = "1fcbfa370488b9d46f50882230e38c0b9e1f7bf2e8aabb883540dfe2d5985008"
"checksum lazy_static 1.4.0 (registry+https://github.com/rust-lang/crates.io-index)" = "e2abad23fbc42b3700f2f279844dc832adb2b2eb069b2df918f455c4e18cc646"
"checksum libc 0.2.66 (registry+https://github.com/rust-lang/crates.io-index)" = "d515b1f41455adea1313a4a2ac8a8a477634fbae63cc6100e3aebb207ce61558"
"checksum memchr 2.2.1 (registry+https://github.com/rust-lang/crates.io-index)" = "88579771288728879b57485cc7d6b07d648c9f0141eb955f8ab7f9d45394468e"
"checksum regex 1.3.1 (registry+https://github.com/rust-lang/crates.io-index)" = "dc220bd33bdce8f093101afe22a037b8eb0e5af33592e6a9caafff0d4cb81cbd"
"checksum regex-syntax 0.6.12 (registry+https://github.com/rust-lang/crates.io-index)" = "11a7e20d1cce64ef2fed88b66d347f88bd9babb82845b2b858f3edbf59a4f716"
"checksum thread_local 0.3.6 (registry+https://github.com/rust-lang/crates.io-index)" = "c6b53e329000edc2b34dbe8545fd20e55a333362d0a321909685a19bd28c3f1b"
